// !$*UTF8*$!
{
	archiveVersion = 1;
	classes = {
	};
	objectVersion = 46;
	objects = {

/* Begin PBXBuildFile section */
		0844205A076E299256192F30 /* Pods_GitTest01.framework in Frameworks */ = {isa = PBXBuildFile; fileRef = 29D68A88DE99547C4FB6ED84 /* Pods_GitTest01.framework */; };
		3C8FF26B1CA4DF9D00ECDD14 /* main.m in Sources */ = {isa = PBXBuildFile; fileRef = 3C8FF26A1CA4DF9D00ECDD14 /* main.m */; };
		3C8FF26E1CA4DF9D00ECDD14 /* AppDelegate.m in Sources */ = {isa = PBXBuildFile; fileRef = 3C8FF26D1CA4DF9D00ECDD14 /* AppDelegate.m */; };
		3C8FF2711CA4DF9D00ECDD14 /* ViewController.m in Sources */ = {isa = PBXBuildFile; fileRef = 3C8FF2701CA4DF9D00ECDD14 /* ViewController.m */; };
		3C8FF2741CA4DF9D00ECDD14 /* Main.storyboard in Resources */ = {isa = PBXBuildFile; fileRef = 3C8FF2721CA4DF9D00ECDD14 /* Main.storyboard */; };
		3C8FF2761CA4DF9D00ECDD14 /* Assets.xcassets in Resources */ = {isa = PBXBuildFile; fileRef = 3C8FF2751CA4DF9D00ECDD14 /* Assets.xcassets */; };
		3C8FF2791CA4DF9D00ECDD14 /* LaunchScreen.storyboard in Resources */ = {isa = PBXBuildFile; fileRef = 3C8FF2771CA4DF9D00ECDD14 /* LaunchScreen.storyboard */; };
/* End PBXBuildFile section */

/* Begin PBXFileReference section */
		20FE6D9AB3569774D21FC3D9 /* Pods-GitTest01.release.xcconfig */ = {isa = PBXFileReference; includeInIndex = 1; lastKnownFileType = text.xcconfig; name = "Pods-GitTest01.release.xcconfig"; path = "Pods/Target Support Files/Pods-GitTest01/Pods-GitTest01.release.xcconfig"; sourceTree = "<group>"; };
		29D68A88DE99547C4FB6ED84 /* Pods_GitTest01.framework */ = {isa = PBXFileReference; explicitFileType = wrapper.framework; includeInIndex = 0; path = Pods_GitTest01.framework; sourceTree = BUILT_PRODUCTS_DIR; };
		3C8FF2661CA4DF9D00ECDD14 /* GitTest01.app */ = {isa = PBXFileReference; explicitFileType = wrapper.application; includeInIndex = 0; path = GitTest01.app; sourceTree = BUILT_PRODUCTS_DIR; };
		3C8FF26A1CA4DF9D00ECDD14 /* main.m */ = {isa = PBXFileReference; lastKnownFileType = sourcecode.c.objc; path = main.m; sourceTree = "<group>"; };
		3C8FF26C1CA4DF9D00ECDD14 /* AppDelegate.h */ = {isa = PBXFileReference; lastKnownFileType = sourcecode.c.h; path = AppDelegate.h; sourceTree = "<group>"; };
		3C8FF26D1CA4DF9D00ECDD14 /* AppDelegate.m */ = {isa = PBXFileReference; lastKnownFileType = sourcecode.c.objc; path = AppDelegate.m; sourceTree = "<group>"; };
		3C8FF26F1CA4DF9D00ECDD14 /* ViewController.h */ = {isa = PBXFileReference; lastKnownFileType = sourcecode.c.h; path = ViewController.h; sourceTree = "<group>"; };
		3C8FF2701CA4DF9D00ECDD14 /* ViewController.m */ = {isa = PBXFileReference; lastKnownFileType = sourcecode.c.objc; path = ViewController.m; sourceTree = "<group>"; };
		3C8FF2731CA4DF9D00ECDD14 /* Base */ = {isa = PBXFileReference; lastKnownFileType = file.storyboard; name = Base; path = Base.lproj/Main.storyboard; sourceTree = "<group>"; };
		3C8FF2751CA4DF9D00ECDD14 /* Assets.xcassets */ = {isa = PBXFileReference; lastKnownFileType = folder.assetcatalog; path = Assets.xcassets; sourceTree = "<group>"; };
		3C8FF2781CA4DF9D00ECDD14 /* Base */ = {isa = PBXFileReference; lastKnownFileType = file.storyboard; name = Base; path = Base.lproj/LaunchScreen.storyboard; sourceTree = "<group>"; };
		3C8FF27A1CA4DF9D00ECDD14 /* Info.plist */ = {isa = PBXFileReference; lastKnownFileType = text.plist.xml; path = Info.plist; sourceTree = "<group>"; };
		56008C029EB53A95DC11133F /* Pods-GitTest01.debug.xcconfig */ = {isa = PBXFileReference; includeInIndex = 1; lastKnownFileType = text.xcconfig; name = "Pods-GitTest01.debug.xcconfig"; path = "Pods/Target Support Files/Pods-GitTest01/Pods-GitTest01.debug.xcconfig"; sourceTree = "<group>"; };
/* End PBXFileReference section */

/* Begin PBXFrameworksBuildPhase section */
		3C8FF2631CA4DF9D00ECDD14 /* Frameworks */ = {
			isa = PBXFrameworksBuildPhase;
			buildActionMask = 2147483647;
			files = (
				0844205A076E299256192F30 /* Pods_GitTest01.framework in Frameworks */,
			);
			runOnlyForDeploymentPostprocessing = 0;
		};
/* End PBXFrameworksBuildPhase section */

/* Begin PBXGroup section */
		3C8FF25D1CA4DF9D00ECDD14 = {
			isa = PBXGroup;
			children = (
				3C8FF2681CA4DF9D00ECDD14 /* GitTest01 */,
				3C8FF2671CA4DF9D00ECDD14 /* Products */,
				AD3D79DA2667843F599EEE89 /* Pods */,
				702E71E14CD16C6190056974 /* Frameworks */,
			);
			sourceTree = "<group>";
		};
		3C8FF2671CA4DF9D00ECDD14 /* Products */ = {
			isa = PBXGroup;
			children = (
				3C8FF2661CA4DF9D00ECDD14 /* GitTest01.app */,
			);
			name = Products;
			sourceTree = "<group>";
		};
		3C8FF2681CA4DF9D00ECDD14 /* GitTest01 */ = {
			isa = PBXGroup;
			children = (
				3C8FF26C1CA4DF9D00ECDD14 /* AppDelegate.h */,
				3C8FF26D1CA4DF9D00ECDD14 /* AppDelegate.m */,
				3C8FF26F1CA4DF9D00ECDD14 /* ViewController.h */,
				3C8FF2701CA4DF9D00ECDD14 /* ViewController.m */,
				3C8FF2721CA4DF9D00ECDD14 /* Main.storyboard */,
				3C8FF2751CA4DF9D00ECDD14 /* Assets.xcassets */,
				3C8FF2771CA4DF9D00ECDD14 /* LaunchScreen.storyboard */,
				3C8FF27A1CA4DF9D00ECDD14 /* Info.plist */,
				3C8FF2691CA4DF9D00ECDD14 /* Supporting Files */,
			);
			path = GitTest01;
			sourceTree = "<group>";
		};
		3C8FF2691CA4DF9D00ECDD14 /* Supporting Files */ = {
			isa = PBXGroup;
			children = (
				3C8FF26A1CA4DF9D00ECDD14 /* main.m */,
			);
			name = "Supporting Files";
			sourceTree = "<group>";
		};
		702E71E14CD16C6190056974 /* Frameworks */ = {
			isa = PBXGroup;
			children = (
				29D68A88DE99547C4FB6ED84 /* Pods_GitTest01.framework */,
			);
			name = Frameworks;
			sourceTree = "<group>";
		};
		AD3D79DA2667843F599EEE89 /* Pods */ = {
			isa = PBXGroup;
			children = (
				56008C029EB53A95DC11133F /* Pods-GitTest01.debug.xcconfig */,
				20FE6D9AB3569774D21FC3D9 /* Pods-GitTest01.release.xcconfig */,
			);
			name = Pods;
			sourceTree = "<group>";
		};
/* End PBXGroup section */

/* Begin PBXNativeTarget section */
		3C8FF2651CA4DF9D00ECDD14 /* GitTest01 */ = {
			isa = PBXNativeTarget;
			buildConfigurationList = 3C8FF27D1CA4DF9D00ECDD14 /* Build configuration list for PBXNativeTarget "GitTest01" */;
			buildPhases = (
				9291FF37AE2ABE7002F93FCB /* Check Pods Manifest.lock */,
				3C8FF2621CA4DF9D00ECDD14 /* Sources */,
				3C8FF2631CA4DF9D00ECDD14 /* Frameworks */,
				3C8FF2641CA4DF9D00ECDD14 /* Resources */,
				77E3DA7E0C8D2BB1F3584EFC /* Embed Pods Frameworks */,
				314708B07752E75D751E36A8 /* Copy Pods Resources */,
			);
			buildRules = (
			);
			dependencies = (
			);
			name = GitTest01;
			productName = GitTest01;
			productReference = 3C8FF2661CA4DF9D00ECDD14 /* GitTest01.app */;
			productType = "com.apple.product-type.application";
		};
/* End PBXNativeTarget section */

/* Begin PBXProject section */
		3C8FF25E1CA4DF9D00ECDD14 /* Project object */ = {
			isa = PBXProject;
			attributes = {
				LastUpgradeCheck = 0730;
				ORGANIZATIONNAME = ChinaChong;
				TargetAttributes = {
					3C8FF2651CA4DF9D00ECDD14 = {
						CreatedOnToolsVersion = 7.3;
					};
				};
			};
			buildConfigurationList = 3C8FF2611CA4DF9D00ECDD14 /* Build configuration list for PBXProject "GitTest01" */;
			compatibilityVersion = "Xcode 3.2";
			developmentRegion = English;
			hasScannedForEncodings = 0;
			knownRegions = (
				en,
				Base,
			);
			mainGroup = 3C8FF25D1CA4DF9D00ECDD14;
			productRefGroup = 3C8FF2671CA4DF9D00ECDD14 /* Products */;
			projectDirPath = "";
			projectRoot = "";
			targets = (
				3C8FF2651CA4DF9D00ECDD14 /* GitTest01 */,
			);
		};
/* End PBXProject section */

/* Begin PBXResourcesBuildPhase section */
		3C8FF2641CA4DF9D00ECDD14 /* Resources */ = {
			isa = PBXResourcesBuildPhase;
			buildActionMask = 2147483647;
			files = (
				3C8FF2791CA4DF9D00ECDD14 /* LaunchScreen.storyboard in Resources */,
				3C8FF2761CA4DF9D00ECDD14 /* Assets.xcassets in Resources */,
				3C8FF2741CA4DF9D00ECDD14 /* Main.storyboard in Resources */,
			);
			runOnlyForDeploymentPostprocessing = 0;
		};
/* End PBXResourcesBuildPhase section */

/* Begin PBXShellScriptBuildPhase section */
		314708B07752E75D751E36A8 /* Copy Pods Resources */ = {
			isa = PBXShellScriptBuildPhase;
			buildActionMask = 2147483647;
			files = (
			);
			inputPaths = (
			);
			name = "Copy Pods Resources";
			outputPaths = (
			);
			runOnlyForDeploymentPostprocessing = 0;
			shellPath = /bin/sh;
			shellScript = "\"${SRCROOT}/Pods/Target Support Files/Pods-GitTest01/Pods-GitTest01-resources.sh\"\n";
			showEnvVarsInLog = 0;
		};
		77E3DA7E0C8D2BB1F3584EFC /* Embed Pods Frameworks */ = {
			isa = PBXShellScriptBuildPhase;
			buildActionMask = 2147483647;
			files = (
			);
			inputPaths = (
			);
			name = "Embed Pods Frameworks";
			outputPaths = (
			);
			runOnlyForDeploymentPostprocessing = 0;
			shellPath = /bin/sh;
			shellScript = "\"${SRCROOT}/Pods/Target Support Files/Pods-GitTest01/Pods-GitTest01-frameworks.sh\"\n";
			showEnvVarsInLog = 0;
		};
		9291FF37AE2ABE7002F93FCB /* Check Pods Manifest.lock */ = {
			isa = PBXShellScriptBuildPhase;
			buildActionMask = 2147483647;
			files = (
			);
			inputPaths = (
			);
			name = "Check Pods Manifest.lock";
			outputPaths = (
			);
			runOnlyForDeploymentPostprocessing = 0;
			shellPath = /bin/sh;
			shellScript = "diff \"${PODS_ROOT}/../Podfile.lock\" \"${PODS_ROOT}/Manifest.lock\" > /dev/null\nif [[ $? != 0 ]] ; then\n    cat << EOM\nerror: The sandbox is not in sync with the Podfile.lock. Run 'pod install' or update your CocoaPods installation.\nEOM\n    exit 1\nfi\n";
			showEnvVarsInLog = 0;
		};
/* End PBXShellScriptBuildPhase section */

/* Begin PBXSourcesBuildPhase section */
		3C8FF2621CA4DF9D00ECDD14 /* Sources */ = {
			isa = PBXSourcesBuildPhase;
			buildActionMask = 2147483647;
			files = (
				3C8FF2711CA4DF9D00ECDD14 /* ViewController.m in Sources */,
				3C8FF26E1CA4DF9D00ECDD14 /* AppDelegate.m in Sources */,
				3C8FF26B1CA4DF9D00ECDD14 /* main.m in Sources */,
			);
			runOnlyForDeploymentPostprocessing = 0;
		};
/* End PBXSourcesBuildPhase section */

/* Begin PBXVariantGroup section */
		3C8FF2721CA4DF9D00ECDD14 /* Main.storyboard */ = {
			isa = PBXVariantGroup;
			children = (
				3C8FF2731CA4DF9D00ECDD14 /* Base */,
			);
			name = Main.storyboard;
			sourceTree = "<group>";
		};
		3C8FF2771CA4DF9D00ECDD14 /* LaunchScreen.storyboard */ = {
			isa = PBXVariantGroup;
			children = (
				3C8FF2781CA4DF9D00ECDD14 /* Base */,
			);
			name = LaunchScreen.storyboard;
			sourceTree = "<group>";
		};
/* End PBXVariantGroup section */

/* Begin XCBuildConfiguration section */
		3C8FF27B1CA4DF9D00ECDD14 /* Debug */ = {
			isa = XCBuildConfiguration;
			buildSettings = {
				ALWAYS_SEARCH_USER_PATHS = NO;
				CLANG_ANALYZER_NONNULL = YES;
				CLANG_CXX_LANGUAGE_STANDARD = "gnu++0x";
				CLANG_CXX_LIBRARY = "libc++";
				CLANG_ENABLE_MODULES = YES;
				CLANG_ENABLE_OBJC_ARC = YES;
				CLANG_WARN_BOOL_CONVERSION = YES;
				CLANG_WARN_CONSTANT_CONVERSION = YES;
				CLANG_WARN_DIRECT_OBJC_ISA_USAGE = YES_ERROR;
				CLANG_WARN_EMPTY_BODY = YES;
				CLANG_WARN_ENUM_CONVERSION = YES;
				CLANG_WARN_INT_CONVERSION = YES;
				CLANG_WARN_OBJC_ROOT_CLASS = YES_ERROR;
				CLANG_WARN_UNREACHABLE_CODE = YES;
				CLANG_WARN__DUPLICATE_METHOD_MATCH = YES;
				"CODE_SIGN_IDENTITY[sdk=iphoneos*]" = "iPhone Developer";
				COPY_PHASE_STRIP = NO;
				DEBUG_INFORMATION_FORMAT = dwarf;
				ENABLE_STRICT_OBJC_MSGSEND = YES;
				ENABLE_TESTABILITY = YES;
				GCC_C_LANGUAGE_STANDARD = gnu99;
				GCC_DYNAMIC_NO_PIC = NO;
				GCC_NO_COMMON_BLOCKS = YES;
				GCC_OPTIMIZATION_LEVEL = 0;
				GCC_PREPROCESSOR_DEFINITIONS = (
					"DEBUG=1",
					"$(inherited)",
				);
				GCC_WARN_64_TO_32_BIT_CONVERSION = YES;
				GCC_WARN_ABOUT_RETURN_TYPE = YES_ERROR;
				GCC_WARN_UNDECLARED_SELECTOR = YES;
				GCC_WARN_UNINITIALIZED_AUTOS = YES_AGGRESSIVE;
				GCC_WARN_UNUSED_FUNCTION = YES;
				GCC_WARN_UNUSED_VARIABLE = YES;
				IPHONEOS_DEPLOYMENT_TARGET = 9.3;
				MTL_ENABLE_DEBUG_INFO = YES;
				ONLY_ACTIVE_ARCH = YES;
				SDKROOT = iphoneos;
				TARGETED_DEVICE_FAMILY = "1,2";
			};
			name = Debug;
		};
		3C8FF27C1CA4DF9D00ECDD14 /* Release */ = {
			isa = XCBuildConfiguration;
			buildSettings = {
				ALWAYS_SEARCH_USER_PATHS = NO;
				CLANG_ANALYZER_NONNULL = YES;
				CLANG_CXX_LANGUAGE_STANDARD = "gnu++0x";
				CLANG_CXX_LIBRARY = "libc++";
				CLANG_ENABLE_MODULES = YES;
				CLANG_ENABLE_OBJC_ARC = YES;
				CLANG_WARN_BOOL_CONVERSION = YES;
				CLANG_WARN_CONSTANT_CONVERSION = YES;
				CLANG_WARN_DIRECT_OBJC_ISA_USAGE = YES_ERROR;
				CLANG_WARN_EMPTY_BODY = YES;
				CLANG_WARN_ENUM_CONVERSION = YES;
				CLANG_WARN_INT_CONVERSION = YES;
				CLANG_WARN_OBJC_ROOT_CLASS = YES_ERROR;
				CLANG_WARN_UNREACHABLE_CODE = YES;
				CLANG_WARN__DUPLICATE_METHOD_MATCH = YES;
				"CODE_SIGN_IDENTITY[sdk=iphoneos*]" = "iPhone Developer";
				COPY_PHASE_STRIP = NO;
				DEBUG_INFORMATION_FORMAT = "dwarf-with-dsym";
				ENABLE_NS_ASSERTIONS = NO;
				ENABLE_STRICT_OBJC_MSGSEND = YES;
				GCC_C_LANGUAGE_STANDARD = gnu99;
				GCC_NO_COMMON_BLOCKS = YES;
				GCC_WARN_64_TO_32_BIT_CONVERSION = YES;
				GCC_WARN_ABOUT_RETURN_TYPE = YES_ERROR;
				GCC_WARN_UNDECLARED_SELECTOR = YES;
				GCC_WARN_UNINITIALIZED_AUTOS = YES_AGGRESSIVE;
				GCC_WARN_UNUSED_FUNCTION = YES;
				GCC_WARN_UNUSED_VARIABLE = YES;
				IPHONEOS_DEPLOYMENT_TARGET = 9.3;
				MTL_ENABLE_DEBUG_INFO = NO;
				SDKROOT = iphoneos;
				TARGETED_DEVICE_FAMILY = "1,2";
				VALIDATE_PRODUCT = YES;
			};
			name = Release;
		};
		3C8FF27E1CA4DF9D00ECDD14 /* Debug */ = {
			isa = XCBuildConfiguration;
			baseConfigurationReference = 56008C029EB53A95DC11133F /* Pods-GitTest01.debug.xcconfig */;
			buildSettings = {
				ASSETCATALOG_COMPILER_APPICON_NAME = AppIcon;
				INFOPLIST_FILE = GitTest01/Info.plist;
				LD_RUNPATH_SEARCH_PATHS = "$(inherited) @executable_path/Frameworks";
				PRODUCT_BUNDLE_IDENTIFIER = com.ChinaChong.GitTest01;
				PRODUCT_NAME = "$(TARGET_NAME)";
			};
			name = Debug;
		};
		3C8FF27F1CA4DF9D00ECDD14 /* Release */ = {
			isa = XCBuildConfiguration;
			baseConfigurationReference = 20FE6D9AB3569774D21FC3D9 /* Pods-GitTest01.release.xcconfig */;
			buildSettings = {
				ASSETCATALOG_COMPILER_APPICON_NAME = AppIcon;
				INFOPLIST_FILE = GitTest01/Info.plist;
				LD_RUNPATH_SEARCH_PATHS = "$(inherited) @executable_path/Frameworks";
				PRODUCT_BUNDLE_IDENTIFIER = com.ChinaChong.GitTest01;
				PRODUCT_NAME = "$(TARGET_NAME)";
			};
			name = Release;
		};
/* End XCBuildConfiguration section */

/* Begin XCConfigurationList section */
		3C8FF2611CA4DF9D00ECDD14 /* Build configuration list for PBXProject "GitTest01" */ = {
			isa = XCConfigurationList;
			buildConfigurations = (
				3C8FF27B1CA4DF9D00ECDD14 /* Debug */,
				3C8FF27C1CA4DF9D00ECDD14 /* Release */,
			);
			defaultConfigurationIsVisible = 0;
			defaultConfigurationName = Release;
		};
		3C8FF27D1CA4DF9D00ECDD14 /* Build configuration list for PBXNativeTarget "GitTest01" */ = {
			isa = XCConfigurationList;
			buildConfigurations = (
				3C8FF27E1CA4DF9D00ECDD14 /* Debug */,
				3C8FF27F1CA4DF9D00ECDD14 /* Release */,
			);
			defaultConfigurationIsVisible = 0;
			defaultConfigurationName = Release;
		};
/* End XCConfigurationList section */
	};
	rootObject = 3C8FF25E1CA4DF9D00ECDD14 /* Project object */;
}
